{
  "version": 4,
  "terraform_version": "1.0.6",
  "serial": 83,
  "lineage": "70143287-6202-466a-e4e7-11a18d8ab276",
  "outputs": {
    "storage_primary_blob_endpoint": {
      "value": "https://eventstorage47171.blob.core.windows.net/",
      "type": "string"
    },
    "storage_primary_blob_host": {
      "value": "eventstorage47171.blob.core.windows.net",
      "type": "string"
    }
  },
  "resources": [
    {
      "mode": "data",
      "type": "azurerm_client_config",
      "name": "current",
      "provider": "provider[\"registry.terraform.io/hashicorp/azurerm\"]",
      "instances": [
        {
          "schema_version": 0,
          "attributes": {
            "client_id": "04b07795-8ddb-461a-bbee-02f9e1bf7b46",
            "id": "2021-09-13 00:41:57.032139 +0000 UTC",
            "object_id": "076806d4-28e3-41c9-898a-4257f334d945",
            "subscription_id": "dc39520d-94c4-4c28-b974-209b33d1b314",
            "tenant_id": "2b5d32f0-505c-4648-8c26-172c71eda1c3",
            "timeouts": null
          },
          "sensitive_attributes": []
        }
      ]
    },
    {
      "mode": "managed",
      "type": "azurerm_container_registry",
      "name": "acr",
      "provider": "provider[\"registry.terraform.io/hashicorp/azurerm\"]",
      "instances": [
        {
          "schema_version": 2,
          "attributes": {
            "admin_enabled": true,
            "admin_password": "Q3xLFNY=akDjyipmKlLYhBa2uSgxMMeb",
            "admin_username": "timba",
            "encryption": [
              {
                "enabled": false,
                "identity_client_id": "",
                "key_vault_key_id": ""
              }
            ],
            "georeplication_locations": [],
            "georeplications": [],
            "id": "/subscriptions/dc39520d-94c4-4c28-b974-209b33d1b314/resourceGroups/timba/providers/Microsoft.ContainerRegistry/registries/timba",
            "identity": [
              {
                "identity_ids": [
                  "/subscriptions/dc39520d-94c4-4c28-b974-209b33d1b314/resourceGroups/timba/providers/Microsoft.ManagedIdentity/userAssignedIdentities/registry-uai"
                ],
                "principal_id": "",
                "tenant_id": "",
                "type": "userAssigned"
              }
            ],
            "location": "eastus",
            "login_server": "timba.azurecr.io",
            "name": "timba",
            "network_rule_set": [
              {
                "default_action": "Allow",
                "ip_rule": [],
                "virtual_network": []
              }
            ],
            "public_network_access_enabled": true,
            "quarantine_policy_enabled": false,
            "resource_group_name": "timba",
            "retention_policy": [
              {
                "days": 7,
                "enabled": false
              }
            ],
            "sku": "Premium",
            "storage_account_id": null,
            "tags": {},
            "timeouts": null,
            "trust_policy": [
              {
                "enabled": false
              }
            ],
            "zone_redundancy_enabled": false
          },
          "sensitive_attributes": [],
          "private": "eyJlMmJmYjczMC1lY2FhLTExZTYtOGY4OC0zNDM2M2JjN2M0YzAiOnsiY3JlYXRlIjoxODAwMDAwMDAwMDAwLCJkZWxldGUiOjE4MDAwMDAwMDAwMDAsInJlYWQiOjMwMDAwMDAwMDAwMCwidXBkYXRlIjoxODAwMDAwMDAwMDAwfSwic2NoZW1hX3ZlcnNpb24iOiIyIn0=",
          "dependencies": [
            "azurerm_resource_group.rg",
            "azurerm_user_assigned_identity.user_id"
          ]
        }
      ]
    },
    {
      "mode": "managed",
      "type": "azurerm_cosmosdb_account",
      "name": "db_account",
      "provider": "provider[\"registry.terraform.io/hashicorp/azurerm\"]",
      "instances": [
        {
          "schema_version": 0,
          "attributes": {
            "access_key_metadata_writes_enabled": true,
            "analytical_storage_enabled": false,
            "backup": [
              {
                "interval_in_minutes": 240,
                "retention_in_hours": 8,
                "type": "Periodic"
              }
            ],
            "capabilities": [
              {
                "name": "EnableAggregationPipeline"
              },
              {
                "name": "EnableMongo"
              },
              {
                "name": "MongoDBv3.4"
              },
              {
                "name": "mongoEnableDocLevelTTL"
              }
            ],
            "connection_strings": [
              "mongodb://timba-cosmos-db-47171:iFPLJLatb2gp0vUCPWyRrdJJU5FK3DK7lqV0WKgn2qmUXYNt1GKvG2WbYdw12mgKbOuEpHRERuK2FDiAmYDbRA==@timba-cosmos-db-47171.mongo.cosmos.azure.com:10255/?ssl=true\u0026replicaSet=globaldb\u0026retrywrites=false\u0026maxIdleTimeMS=120000\u0026appName=@timba-cosmos-db-47171@",
              "mongodb://timba-cosmos-db-47171:sPeu9rABwT5nHdayEoWdYhtJFkcRhgACSsvt2YoBov8JQoMTOQ6phxv7vjZC41IhR7BGf1gSUWU78IwxpkiEpQ==@timba-cosmos-db-47171.mongo.cosmos.azure.com:10255/?ssl=true\u0026replicaSet=globaldb\u0026retrywrites=false\u0026maxIdleTimeMS=120000\u0026appName=@timba-cosmos-db-47171@",
              "mongodb://timba-cosmos-db-47171:DxgTwVx5M5SYNjP9CRkbD5Pt34WiOvbwRpEbsV97shv621KW0TI1JOR3BFhXhsUbKOTV9nC3rLzg95TsTfENyQ==@timba-cosmos-db-47171.mongo.cosmos.azure.com:10255/?ssl=true\u0026replicaSet=globaldb\u0026retrywrites=false\u0026maxIdleTimeMS=120000\u0026appName=@timba-cosmos-db-47171@",
              "mongodb://timba-cosmos-db-47171:b2DYWD18PbkikfUpvRHJuHMnBMzXkTXyjPieQn4U024LaPJyDtTk0I5iCpn7dDPM1Mccm2mw7hDtQIJ8Myjmcg==@timba-cosmos-db-47171.mongo.cosmos.azure.com:10255/?ssl=true\u0026replicaSet=globaldb\u0026retrywrites=false\u0026maxIdleTimeMS=120000\u0026appName=@timba-cosmos-db-47171@"
            ],
            "consistency_policy": [
              {
                "consistency_level": "BoundedStaleness",
                "max_interval_in_seconds": 10,
                "max_staleness_prefix": 200
              }
            ],
            "cors_rule": [],
            "enable_automatic_failover": false,
            "enable_free_tier": false,
            "enable_multiple_write_locations": false,
            "endpoint": "https://timba-cosmos-db-47171.documents.azure.com:443/",
            "geo_location": [
              {
                "failover_priority": 0,
                "id": "timba-cosmos-db-47171-eastus",
                "location": "eastus",
                "prefix": "",
                "zone_redundant": false
              }
            ],
            "id": "/subscriptions/dc39520d-94c4-4c28-b974-209b33d1b314/resourceGroups/timba/providers/Microsoft.DocumentDB/databaseAccounts/timba-cosmos-db-47171",
            "identity": [],
            "ip_range_filter": "",
            "is_virtual_network_filter_enabled": false,
            "key_vault_key_id": null,
            "kind": "MongoDB",
            "local_authentication_disabled": false,
            "location": "eastus",
            "mongo_server_version": "3.6",
            "name": "timba-cosmos-db-47171",
            "network_acl_bypass_for_azure_services": false,
            "network_acl_bypass_ids": [],
            "offer_type": "Standard",
            "primary_key": "iFPLJLatb2gp0vUCPWyRrdJJU5FK3DK7lqV0WKgn2qmUXYNt1GKvG2WbYdw12mgKbOuEpHRERuK2FDiAmYDbRA==",
            "primary_master_key": "iFPLJLatb2gp0vUCPWyRrdJJU5FK3DK7lqV0WKgn2qmUXYNt1GKvG2WbYdw12mgKbOuEpHRERuK2FDiAmYDbRA==",
            "primary_readonly_key": "DxgTwVx5M5SYNjP9CRkbD5Pt34WiOvbwRpEbsV97shv621KW0TI1JOR3BFhXhsUbKOTV9nC3rLzg95TsTfENyQ==",
            "primary_readonly_master_key": "DxgTwVx5M5SYNjP9CRkbD5Pt34WiOvbwRpEbsV97shv621KW0TI1JOR3BFhXhsUbKOTV9nC3rLzg95TsTfENyQ==",
            "public_network_access_enabled": true,
            "read_endpoints": [
              "https://timba-cosmos-db-47171-eastus.documents.azure.com:443/"
            ],
            "resource_group_name": "timba",
            "secondary_key": "sPeu9rABwT5nHdayEoWdYhtJFkcRhgACSsvt2YoBov8JQoMTOQ6phxv7vjZC41IhR7BGf1gSUWU78IwxpkiEpQ==",
            "secondary_master_key": "sPeu9rABwT5nHdayEoWdYhtJFkcRhgACSsvt2YoBov8JQoMTOQ6phxv7vjZC41IhR7BGf1gSUWU78IwxpkiEpQ==",
            "secondary_readonly_key": "b2DYWD18PbkikfUpvRHJuHMnBMzXkTXyjPieQn4U024LaPJyDtTk0I5iCpn7dDPM1Mccm2mw7hDtQIJ8Myjmcg==",
            "secondary_readonly_master_key": "b2DYWD18PbkikfUpvRHJuHMnBMzXkTXyjPieQn4U024LaPJyDtTk0I5iCpn7dDPM1Mccm2mw7hDtQIJ8Myjmcg==",
            "tags": {},
            "timeouts": null,
            "virtual_network_rule": [],
            "write_endpoints": [
              "https://timba-cosmos-db-47171-eastus.documents.azure.com:443/"
            ]
          },
          "sensitive_attributes": [],
          "private": "eyJlMmJmYjczMC1lY2FhLTExZTYtOGY4OC0zNDM2M2JjN2M0YzAiOnsiY3JlYXRlIjoxMDgwMDAwMDAwMDAwMCwiZGVsZXRlIjoxMDgwMDAwMDAwMDAwMCwicmVhZCI6MzAwMDAwMDAwMDAwLCJ1cGRhdGUiOjEwODAwMDAwMDAwMDAwfX0=",
          "dependencies": [
            "random_integer.ri",
            "azurerm_resource_group.rg"
          ]
        }
      ]
    },
    {
      "mode": "managed",
      "type": "azurerm_cosmosdb_mongo_collection",
      "name": "event_collection",
      "provider": "provider[\"registry.terraform.io/hashicorp/azurerm\"]",
      "instances": [
        {
          "schema_version": 1,
          "attributes": {
            "account_name": "timba-cosmos-db-47171",
            "analytical_storage_ttl": 0,
            "autoscale_settings": [],
            "database_name": "timba-cosmos-mongodb",
            "default_ttl_seconds": 777,
            "id": "/subscriptions/dc39520d-94c4-4c28-b974-209b33d1b314/resourceGroups/timba/providers/Microsoft.DocumentDB/databaseAccounts/timba-cosmos-db-47171/mongodbDatabases/timba-cosmos-mongodb/collections/events",
            "index": [
              {
                "keys": [
                  "_id"
                ],
                "unique": true
              }
            ],
            "name": "events",
            "resource_group_name": "timba",
            "shard_key": "uniqueKey",
            "system_indexes": [
              {
                "keys": [
                  "_id"
                ],
                "unique": true
              }
            ],
            "throughput": 400,
            "timeouts": null
          },
          "sensitive_attributes": [],
          "private": "eyJlMmJmYjczMC1lY2FhLTExZTYtOGY4OC0zNDM2M2JjN2M0YzAiOnsiY3JlYXRlIjoxODAwMDAwMDAwMDAwLCJkZWxldGUiOjE4MDAwMDAwMDAwMDAsInJlYWQiOjMwMDAwMDAwMDAwMCwidXBkYXRlIjoxODAwMDAwMDAwMDAwfSwic2NoZW1hX3ZlcnNpb24iOiIxIn0=",
          "dependencies": [
            "azurerm_cosmosdb_account.db_account",
            "azurerm_cosmosdb_mongo_database.mongo_db",
            "azurerm_resource_group.rg",
            "random_integer.ri"
          ]
        }
      ]
    },
    {
      "mode": "managed",
      "type": "azurerm_cosmosdb_mongo_database",
      "name": "mongo_db",
      "provider": "provider[\"registry.terraform.io/hashicorp/azurerm\"]",
      "instances": [
        {
          "schema_version": 1,
          "attributes": {
            "account_name": "timba-cosmos-db-47171",
            "autoscale_settings": [],
            "id": "/subscriptions/dc39520d-94c4-4c28-b974-209b33d1b314/resourceGroups/timba/providers/Microsoft.DocumentDB/databaseAccounts/timba-cosmos-db-47171/mongodbDatabases/timba-cosmos-mongodb",
            "name": "timba-cosmos-mongodb",
            "resource_group_name": "timba",
            "throughput": 400,
            "timeouts": null
          },
          "sensitive_attributes": [],
          "private": "eyJlMmJmYjczMC1lY2FhLTExZTYtOGY4OC0zNDM2M2JjN2M0YzAiOnsiY3JlYXRlIjoxODAwMDAwMDAwMDAwLCJkZWxldGUiOjE4MDAwMDAwMDAwMDAsInJlYWQiOjMwMDAwMDAwMDAwMCwidXBkYXRlIjoxODAwMDAwMDAwMDAwfSwic2NoZW1hX3ZlcnNpb24iOiIxIn0=",
          "dependencies": [
            "azurerm_cosmosdb_account.db_account",
            "azurerm_resource_group.rg",
            "random_integer.ri"
          ]
        }
      ]
    },
    {
      "mode": "managed",
      "type": "azurerm_key_vault",
      "name": "event-keyvault",
      "provider": "provider[\"registry.terraform.io/hashicorp/azurerm\"]",
      "instances": [
        {
          "schema_version": 2,
          "attributes": {
            "access_policy": [
              {
                "application_id": "",
                "certificate_permissions": [],
                "key_permissions": [
                  "Create",
                  "List",
                  "Get"
                ],
                "object_id": "076806d4-28e3-41c9-898a-4257f334d945",
                "secret_permissions": [
                  "List",
                  "Set",
                  "Get",
                  "Delete",
                  "Purge",
                  "Recover"
                ],
                "storage_permissions": [],
                "tenant_id": "2b5d32f0-505c-4648-8c26-172c71eda1c3"
              }
            ],
            "contact": [],
            "enable_rbac_authorization": false,
            "enabled_for_deployment": false,
            "enabled_for_disk_encryption": true,
            "enabled_for_template_deployment": false,
            "id": "/subscriptions/dc39520d-94c4-4c28-b974-209b33d1b314/resourceGroups/timba/providers/Microsoft.KeyVault/vaults/event-keyvault",
            "location": "eastus",
            "name": "event-keyvault",
            "network_acls": [
              {
                "bypass": "AzureServices",
                "default_action": "Allow",
                "ip_rules": [],
                "virtual_network_subnet_ids": []
              }
            ],
            "purge_protection_enabled": false,
            "resource_group_name": "timba",
            "sku_name": "premium",
            "soft_delete_enabled": true,
            "soft_delete_retention_days": 7,
            "tags": {},
            "tenant_id": "2b5d32f0-505c-4648-8c26-172c71eda1c3",
            "timeouts": null,
            "vault_uri": "https://event-keyvault.vault.azure.net/"
          },
          "sensitive_attributes": [],
          "private": "eyJlMmJmYjczMC1lY2FhLTExZTYtOGY4OC0zNDM2M2JjN2M0YzAiOnsiY3JlYXRlIjoxODAwMDAwMDAwMDAwLCJkZWxldGUiOjE4MDAwMDAwMDAwMDAsInJlYWQiOjMwMDAwMDAwMDAwMCwidXBkYXRlIjoxODAwMDAwMDAwMDAwfSwic2NoZW1hX3ZlcnNpb24iOiIyIn0=",
          "dependencies": [
            "azurerm_resource_group.rg",
            "data.azurerm_client_config.current"
          ]
        }
      ]
    },
    {
      "mode": "managed",
      "type": "azurerm_key_vault_secret",
      "name": "connect_string",
      "provider": "provider[\"registry.terraform.io/hashicorp/azurerm\"]",
      "instances": [
        {
          "schema_version": 0,
          "attributes": {
            "content_type": "",
            "expiration_date": null,
            "id": "https://event-keyvault.vault.azure.net/secrets/connectstring/eca78c42f53c472fb23ad2e9c4816f4f",
            "key_vault_id": "/subscriptions/dc39520d-94c4-4c28-b974-209b33d1b314/resourceGroups/timba/providers/Microsoft.KeyVault/vaults/event-keyvault",
            "name": "connectstring",
            "not_before_date": null,
            "tags": {},
            "timeouts": null,
            "value": "mongodb://timba-cosmos-db-47171:iFPLJLatb2gp0vUCPWyRrdJJU5FK3DK7lqV0WKgn2qmUXYNt1GKvG2WbYdw12mgKbOuEpHRERuK2FDiAmYDbRA==@timba-cosmos-db-47171.mongo.cosmos.azure.com:10255/?ssl=true\u0026replicaSet=globaldb\u0026retrywrites=false\u0026maxIdleTimeMS=120000\u0026appName=@timba-cosmos-db-47171@",
            "version": "eca78c42f53c472fb23ad2e9c4816f4f",
            "versionless_id": "https://event-keyvault.vault.azure.net/secrets/connectstring"
          },
          "sensitive_attributes": [
            [
              {
                "type": "get_attr",
                "value": "value"
              }
            ]
          ],
          "private": "eyJlMmJmYjczMC1lY2FhLTExZTYtOGY4OC0zNDM2M2JjN2M0YzAiOnsiY3JlYXRlIjoxODAwMDAwMDAwMDAwLCJkZWxldGUiOjE4MDAwMDAwMDAwMDAsInJlYWQiOjMwMDAwMDAwMDAwMCwidXBkYXRlIjoxODAwMDAwMDAwMDAwfX0=",
          "dependencies": [
            "azurerm_resource_group.rg",
            "data.azurerm_client_config.current",
            "random_integer.ri",
            "azurerm_cosmosdb_account.db_account",
            "azurerm_key_vault.event-keyvault"
          ]
        }
      ]
    },
    {
      "mode": "managed",
      "type": "azurerm_key_vault_secret",
      "name": "storage_primary_blob_endpoint",
      "provider": "provider[\"registry.terraform.io/hashicorp/azurerm\"]",
      "instances": [
        {
          "schema_version": 0,
          "attributes": {
            "content_type": "",
            "expiration_date": null,
            "id": "https://event-keyvault.vault.azure.net/secrets/storageprimaryblobendpoint/65e87916204a48e89d919b507962f717",
            "key_vault_id": "/subscriptions/dc39520d-94c4-4c28-b974-209b33d1b314/resourceGroups/timba/providers/Microsoft.KeyVault/vaults/event-keyvault",
            "name": "storageprimaryblobendpoint",
            "not_before_date": null,
            "tags": null,
            "timeouts": null,
            "value": "https://eventstorage47171.blob.core.windows.net/",
            "version": "65e87916204a48e89d919b507962f717",
            "versionless_id": "https://event-keyvault.vault.azure.net/secrets/storageprimaryblobendpoint"
          },
          "sensitive_attributes": [],
          "private": "eyJlMmJmYjczMC1lY2FhLTExZTYtOGY4OC0zNDM2M2JjN2M0YzAiOnsiY3JlYXRlIjoxODAwMDAwMDAwMDAwLCJkZWxldGUiOjE4MDAwMDAwMDAwMDAsInJlYWQiOjMwMDAwMDAwMDAwMCwidXBkYXRlIjoxODAwMDAwMDAwMDAwfX0=",
          "dependencies": [
            "azurerm_key_vault.event-keyvault",
            "azurerm_resource_group.rg",
            "azurerm_storage_account.storage_account",
            "random_integer.ri"
          ]
        }
      ]
    },
    {
      "mode": "managed",
      "type": "azurerm_key_vault_secret",
      "name": "storage_primary_blob_host",
      "provider": "provider[\"registry.terraform.io/hashicorp/azurerm\"]",
      "instances": [
        {
          "schema_version": 0,
          "attributes": {
            "content_type": "",
            "expiration_date": null,
            "id": "https://event-keyvault.vault.azure.net/secrets/storageprimaryblobhost/6cd8c1ff821f4746b177e042d5ec0e16",
            "key_vault_id": "/subscriptions/dc39520d-94c4-4c28-b974-209b33d1b314/resourceGroups/timba/providers/Microsoft.KeyVault/vaults/event-keyvault",
            "name": "storageprimaryblobhost",
            "not_before_date": null,
            "tags": null,
            "timeouts": null,
            "value": "eventstorage47171.blob.core.windows.net",
            "version": "6cd8c1ff821f4746b177e042d5ec0e16",
            "versionless_id": "https://event-keyvault.vault.azure.net/secrets/storageprimaryblobhost"
          },
          "sensitive_attributes": [],
          "private": "eyJlMmJmYjczMC1lY2FhLTExZTYtOGY4OC0zNDM2M2JjN2M0YzAiOnsiY3JlYXRlIjoxODAwMDAwMDAwMDAwLCJkZWxldGUiOjE4MDAwMDAwMDAwMDAsInJlYWQiOjMwMDAwMDAwMDAwMCwidXBkYXRlIjoxODAwMDAwMDAwMDAwfX0=",
          "dependencies": [
            "azurerm_key_vault.event-keyvault",
            "azurerm_resource_group.rg",
            "azurerm_storage_account.storage_account",
            "random_integer.ri"
          ]
        }
      ]
    },
    {
      "mode": "managed",
      "type": "azurerm_key_vault_secret",
      "name": "storage_secondary_blob_endpoint",
      "provider": "provider[\"registry.terraform.io/hashicorp/azurerm\"]",
      "instances": []
    },
    {
      "mode": "managed",
      "type": "azurerm_resource_group",
      "name": "rg",
      "provider": "provider[\"registry.terraform.io/hashicorp/azurerm\"]",
      "instances": [
        {
          "schema_version": 0,
          "attributes": {
            "id": "/subscriptions/dc39520d-94c4-4c28-b974-209b33d1b314/resourceGroups/timba",
            "location": "eastus",
            "name": "timba",
            "tags": {},
            "timeouts": null
          },
          "sensitive_attributes": [],
          "private": "eyJlMmJmYjczMC1lY2FhLTExZTYtOGY4OC0zNDM2M2JjN2M0YzAiOnsiY3JlYXRlIjo1NDAwMDAwMDAwMDAwLCJkZWxldGUiOjU0MDAwMDAwMDAwMDAsInJlYWQiOjMwMDAwMDAwMDAwMCwidXBkYXRlIjo1NDAwMDAwMDAwMDAwfX0="
        }
      ]
    },
    {
      "mode": "managed",
      "type": "azurerm_storage_account",
      "name": "storage_account",
      "provider": "provider[\"registry.terraform.io/hashicorp/azurerm\"]",
      "instances": [
        {
          "schema_version": 2,
          "attributes": {
            "access_tier": "Hot",
            "account_kind": "StorageV2",
            "account_replication_type": "LRS",
            "account_tier": "Standard",
            "allow_blob_public_access": false,
            "azure_files_authentication": [],
            "blob_properties": [
              {
                "change_feed_enabled": false,
                "container_delete_retention_policy": [],
                "cors_rule": [],
                "default_service_version": "",
                "delete_retention_policy": [],
                "last_access_time_enabled": false,
                "versioning_enabled": false
              }
            ],
            "custom_domain": [],
            "enable_https_traffic_only": true,
            "id": "/subscriptions/dc39520d-94c4-4c28-b974-209b33d1b314/resourceGroups/timba/providers/Microsoft.Storage/storageAccounts/eventstorage47171",
            "identity": [],
            "is_hns_enabled": false,
            "large_file_share_enabled": null,
            "location": "eastus",
            "min_tls_version": "TLS1_0",
            "name": "eventstorage47171",
            "network_rules": [
              {
                "bypass": [
                  "AzureServices"
                ],
                "default_action": "Allow",
                "ip_rules": [],
                "private_link_access": [],
                "virtual_network_subnet_ids": []
              }
            ],
            "nfsv3_enabled": false,
            "primary_access_key": "urpS69CQlqdChEzhn30BTjBPrfa6ujIuxvBeLFVlXIhTkE2IJvVQLN4Z22rf5E4ppJdKpFEIpwPMGcfx1YWAdg==",
            "primary_blob_connection_string": "DefaultEndpointsProtocol=https;BlobEndpoint=https://eventstorage47171.blob.core.windows.net/;AccountName=eventstorage47171;AccountKey=urpS69CQlqdChEzhn30BTjBPrfa6ujIuxvBeLFVlXIhTkE2IJvVQLN4Z22rf5E4ppJdKpFEIpwPMGcfx1YWAdg==",
            "primary_blob_endpoint": "https://eventstorage47171.blob.core.windows.net/",
            "primary_blob_host": "eventstorage47171.blob.core.windows.net",
            "primary_connection_string": "DefaultEndpointsProtocol=https;AccountName=eventstorage47171;AccountKey=urpS69CQlqdChEzhn30BTjBPrfa6ujIuxvBeLFVlXIhTkE2IJvVQLN4Z22rf5E4ppJdKpFEIpwPMGcfx1YWAdg==;EndpointSuffix=core.windows.net",
            "primary_dfs_endpoint": "https://eventstorage47171.dfs.core.windows.net/",
            "primary_dfs_host": "eventstorage47171.dfs.core.windows.net",
            "primary_file_endpoint": "https://eventstorage47171.file.core.windows.net/",
            "primary_file_host": "eventstorage47171.file.core.windows.net",
            "primary_location": "eastus",
            "primary_queue_endpoint": "https://eventstorage47171.queue.core.windows.net/",
            "primary_queue_host": "eventstorage47171.queue.core.windows.net",
            "primary_table_endpoint": "https://eventstorage47171.table.core.windows.net/",
            "primary_table_host": "eventstorage47171.table.core.windows.net",
            "primary_web_endpoint": "https://eventstorage47171.z13.web.core.windows.net/",
            "primary_web_host": "eventstorage47171.z13.web.core.windows.net",
            "queue_properties": [
              {
                "cors_rule": [],
                "hour_metrics": [
                  {
                    "enabled": true,
                    "include_apis": true,
                    "retention_policy_days": 7,
                    "version": "1.0"
                  }
                ],
                "logging": [
                  {
                    "delete": false,
                    "read": false,
                    "retention_policy_days": 0,
                    "version": "1.0",
                    "write": false
                  }
                ],
                "minute_metrics": [
                  {
                    "enabled": false,
                    "include_apis": false,
                    "retention_policy_days": 0,
                    "version": "1.0"
                  }
                ]
              }
            ],
            "resource_group_name": "timba",
            "routing": [],
            "secondary_access_key": "3k7IhXpgQht3KeQ9c46brjSEc6caYdh5/ujIw24NCm6EiyJ9dGIZgrFO9DFEC1/U2hbIPe6PJAaj+3WRccsKTw==",
            "secondary_blob_connection_string": "",
            "secondary_blob_endpoint": null,
            "secondary_blob_host": null,
            "secondary_connection_string": "DefaultEndpointsProtocol=https;AccountName=eventstorage47171;AccountKey=3k7IhXpgQht3KeQ9c46brjSEc6caYdh5/ujIw24NCm6EiyJ9dGIZgrFO9DFEC1/U2hbIPe6PJAaj+3WRccsKTw==;EndpointSuffix=core.windows.net",
            "secondary_dfs_endpoint": null,
            "secondary_dfs_host": null,
            "secondary_file_endpoint": null,
            "secondary_file_host": null,
            "secondary_location": "",
            "secondary_queue_endpoint": null,
            "secondary_queue_host": null,
            "secondary_table_endpoint": null,
            "secondary_table_host": null,
            "secondary_web_endpoint": null,
            "secondary_web_host": null,
            "share_properties": [],
            "shared_access_key_enabled": true,
            "static_website": [],
            "tags": {
              "environment": "dev"
            },
            "timeouts": null
          },
          "sensitive_attributes": [],
          "private": "eyJlMmJmYjczMC1lY2FhLTExZTYtOGY4OC0zNDM2M2JjN2M0YzAiOnsiY3JlYXRlIjozNjAwMDAwMDAwMDAwLCJkZWxldGUiOjM2MDAwMDAwMDAwMDAsInJlYWQiOjMwMDAwMDAwMDAwMCwidXBkYXRlIjozNjAwMDAwMDAwMDAwfSwic2NoZW1hX3ZlcnNpb24iOiIyIn0=",
          "dependencies": [
            "azurerm_resource_group.rg",
            "random_integer.ri"
          ]
        }
      ]
    },
    {
      "mode": "managed",
      "type": "azurerm_user_assigned_identity",
      "name": "user_id",
      "provider": "provider[\"registry.terraform.io/hashicorp/azurerm\"]",
      "instances": [
        {
          "schema_version": 1,
          "attributes": {
            "client_id": "e76e1c5b-e7dd-4f0c-8e13-935d8b4d5c0a",
            "id": "/subscriptions/dc39520d-94c4-4c28-b974-209b33d1b314/resourceGroups/timba/providers/Microsoft.ManagedIdentity/userAssignedIdentities/registry-uai",
            "location": "eastus",
            "name": "registry-uai",
            "principal_id": "0027147e-0f21-4ae4-99a2-baee84456680",
            "resource_group_name": "timba",
            "tags": {},
            "tenant_id": "2b5d32f0-505c-4648-8c26-172c71eda1c3",
            "timeouts": null
          },
          "sensitive_attributes": [],
          "private": "eyJlMmJmYjczMC1lY2FhLTExZTYtOGY4OC0zNDM2M2JjN2M0YzAiOnsiY3JlYXRlIjoxODAwMDAwMDAwMDAwLCJkZWxldGUiOjE4MDAwMDAwMDAwMDAsInJlYWQiOjMwMDAwMDAwMDAwMCwidXBkYXRlIjoxODAwMDAwMDAwMDAwfSwic2NoZW1hX3ZlcnNpb24iOiIxIn0=",
          "dependencies": [
            "azurerm_resource_group.rg"
          ]
        }
      ]
    },
    {
      "mode": "managed",
      "type": "random_integer",
      "name": "ri",
      "provider": "provider[\"registry.terraform.io/hashicorp/random\"]",
      "instances": [
        {
          "schema_version": 0,
          "attributes": {
            "id": "47171",
            "keepers": null,
            "max": 99999,
            "min": 10000,
            "result": 47171,
            "seed": null
          },
          "sensitive_attributes": [],
          "private": "bnVsbA=="
        }
      ]
    }
  ]
}
